PODS:
  - Alamofire (4.4.0)
  - ModelMapper (6.0.0)
  - Moya (8.0.2):
    - Moya/Core (= 8.0.2)
  - Moya-ModelMapper/Core (4.1.0):
    - ModelMapper
    - Moya (~> 8.0.0)
  - Moya-ModelMapper/RxSwift (4.1.0):
    - Moya-ModelMapper/Core
    - Moya/RxSwift (~> 8.0.0)
    - RxSwift
  - Moya/Core (8.0.2):
    - Alamofire (~> 4.1)
    - Result (~> 3.0)
  - Moya/RxSwift (8.0.2):
    - Moya/Core
    - RxSwift (~> 3.0)
  - Nimble (6.0.0)
  - Quick (1.1.0)
  - Result (3.2.1)
  - RxBlocking (3.2.0):
    - RxSwift (~> 3.1)
  - RxCocoa (3.2.0):
    - RxSwift (~> 3.1)
  - RxOptional (3.1.3):
    - RxCocoa
    - RxSwift
  - RxSwift (3.2.0)
  - RxTest (3.2.0):
    - RxSwift (~> 3.0)
  - SwiftyJSON (3.1.4)

DEPENDENCIES:
  - Moya (~> 8.0)
  - Moya-ModelMapper/RxSwift (~> 4.1)
  - Nimble (~> 6.0)
  - Quick (~> 1.1)
  - RxBlocking (~> 3.2)
  - RxCocoa (~> 3.2)
  - RxOptional (~> 3.1)
  - RxSwift (~> 3.2)
  - RxTest (~> 3.2)
  - SwiftyJSON (~> 3.1)

SPEC CHECKSUMS:
  Alamofire: dc44b1600b800eb63da6a19039a0083d62a6a62d
  ModelMapper: 3596a82f26c43491f6a8d3a00bcdba6ba0e62a93
  Moya: 47f61da5b634aa71f676431b64ee0f81e976296d
  Moya-ModelMapper: 7084396138e6f9359881db654ee6a4d826a64f14
  Nimble: 8fb9b4b34c535b2f32f52c6b9852d6f02d48610b
  Quick: dafc587e21eed9f4cab3249b9f9015b0b7a7f71d
  Result: 2453a22e5c5b11c0c3a478736e82cd02f763b781
  RxBlocking: ec8ed471ba77b4fb98a2d60f1f8419b0b46eaa23
  RxCocoa: ccdf43101a70407097a29082f648ba1676075b30
  RxOptional: b97b59183af80d1e729ac9e51d09a10be668d6a8
  RxSwift: 46574f70d416b7923c237195939cc488a7fbf3a0
  RxTest: 85fdd6f753e8e62635a58d37bbdd3ce7d5abbef3
  SwiftyJSON: c2842d878f95482ffceec5709abc3d05680c0220

PODFILE CHECKSUM: ec04d73a53c5a850d99fa0d11eed00a1c58c416a

COCOAPODS: 1.2.0
