// !$*UTF8*$!
{
	archiveVersion = 1;
	classes = {
	};
	objectVersion = 46;
	objects = {

/* Begin PBXBuildFile section */
		148612841D3DDF3100DF017B /* Github.swift in Sources */ = {isa = PBXBuildFile; fileRef = 148612831D3DDF3100DF017B /* Github.swift */; };
		148612861D3DE17800DF017B /* User.swift in Sources */ = {isa = PBXBuildFile; fileRef = 148612851D3DE17800DF017B /* User.swift */; };
		148612881D3DE4B300DF017B /* UserModel.swift in Sources */ = {isa = PBXBuildFile; fileRef = 148612871D3DE4B300DF017B /* UserModel.swift */; };
		1486128A1D3DF86000DF017B /* Extension.swift in Sources */ = {isa = PBXBuildFile; fileRef = 148612891D3DF86000DF017B /* Extension.swift */; };
		3B7E031D1122C07FC6305327 /* Pods_WhoToFollowTests.framework in Frameworks */ = {isa = PBXBuildFile; fileRef = 32E7CEC02C92DD0D5BA3833E /* Pods_WhoToFollowTests.framework */; };
		8FFA3362E6CE79F75508E8C1 /* Pods_WhoToFollow.framework in Frameworks */ = {isa = PBXBuildFile; fileRef = 911461D15DA8DDD2D1181B20 /* Pods_WhoToFollow.framework */; };
		B4DDDCFD1D3D26EB0050DAE0 /* AppDelegate.swift in Sources */ = {isa = PBXBuildFile; fileRef = B4DDDCFC1D3D26EB0050DAE0 /* AppDelegate.swift */; };
		B4DDDD021D3D26EB0050DAE0 /* Main.storyboard in Resources */ = {isa = PBXBuildFile; fileRef = B4DDDD001D3D26EB0050DAE0 /* Main.storyboard */; };
		B4DDDD041D3D26EB0050DAE0 /* Assets.xcassets in Resources */ = {isa = PBXBuildFile; fileRef = B4DDDD031D3D26EB0050DAE0 /* Assets.xcassets */; };
		B4DDDD071D3D26EB0050DAE0 /* LaunchScreen.storyboard in Resources */ = {isa = PBXBuildFile; fileRef = B4DDDD051D3D26EB0050DAE0 /* LaunchScreen.storyboard */; };
		B4DDDD121D3D26EB0050DAE0 /* WhoToFollowTests.swift in Sources */ = {isa = PBXBuildFile; fileRef = B4DDDD111D3D26EB0050DAE0 /* WhoToFollowTests.swift */; };
		B4DDDD2B1D3D29140050DAE0 /* FollowTableViewController.swift in Sources */ = {isa = PBXBuildFile; fileRef = B4DDDD2A1D3D29140050DAE0 /* FollowTableViewController.swift */; };
		B4DDDD2D1D3D29700050DAE0 /* FollowTableViewCell.swift in Sources */ = {isa = PBXBuildFile; fileRef = B4DDDD2C1D3D29700050DAE0 /* FollowTableViewCell.swift */; };
/* End PBXBuildFile section */

/* Begin PBXContainerItemProxy section */
		B4DDDD0E1D3D26EB0050DAE0 /* PBXContainerItemProxy */ = {
			isa = PBXContainerItemProxy;
			containerPortal = B4DDDCF11D3D26EB0050DAE0 /* Project object */;
			proxyType = 1;
			remoteGlobalIDString = B4DDDCF81D3D26EB0050DAE0;
			remoteInfo = WhoToFollow;
		};
/* End PBXContainerItemProxy section */

/* Begin PBXFileReference section */
		148612831D3DDF3100DF017B /* Github.swift */ = {isa = PBXFileReference; fileEncoding = 4; lastKnownFileType = sourcecode.swift; path = Github.swift; sourceTree = "<group>"; };
		148612851D3DE17800DF017B /* User.swift */ = {isa = PBXFileReference; fileEncoding = 4; lastKnownFileType = sourcecode.swift; path = User.swift; sourceTree = "<group>"; };
		148612871D3DE4B300DF017B /* UserModel.swift */ = {isa = PBXFileReference; fileEncoding = 4; lastKnownFileType = sourcecode.swift; path = UserModel.swift; sourceTree = "<group>"; };
		148612891D3DF86000DF017B /* Extension.swift */ = {isa = PBXFileReference; fileEncoding = 4; lastKnownFileType = sourcecode.swift; path = Extension.swift; sourceTree = "<group>"; };
		32E7CEC02C92DD0D5BA3833E /* Pods_WhoToFollowTests.framework */ = {isa = PBXFileReference; explicitFileType = wrapper.framework; includeInIndex = 0; path = Pods_WhoToFollowTests.framework; sourceTree = BUILT_PRODUCTS_DIR; };
		911461D15DA8DDD2D1181B20 /* Pods_WhoToFollow.framework */ = {isa = PBXFileReference; explicitFileType = wrapper.framework; includeInIndex = 0; path = Pods_WhoToFollow.framework; sourceTree = BUILT_PRODUCTS_DIR; };
		A580DEB4690AACCE59A49962 /* Pods-WhoToFollowTests.debug.xcconfig */ = {isa = PBXFileReference; includeInIndex = 1; lastKnownFileType = text.xcconfig; name = "Pods-WhoToFollowTests.debug.xcconfig"; path = "Pods/Target Support Files/Pods-WhoToFollowTests/Pods-WhoToFollowTests.debug.xcconfig"; sourceTree = "<group>"; };
		B4DDDCF91D3D26EB0050DAE0 /* WhoToFollow.app */ = {isa = PBXFileReference; explicitFileType = wrapper.application; includeInIndex = 0; path = WhoToFollow.app; sourceTree = BUILT_PRODUCTS_DIR; };
		B4DDDCFC1D3D26EB0050DAE0 /* AppDelegate.swift */ = {isa = PBXFileReference; lastKnownFileType = sourcecode.swift; path = AppDelegate.swift; sourceTree = "<group>"; };
		B4DDDD011D3D26EB0050DAE0 /* Base */ = {isa = PBXFileReference; lastKnownFileType = file.storyboard; name = Base; path = Base.lproj/Main.storyboard; sourceTree = "<group>"; };
		B4DDDD031D3D26EB0050DAE0 /* Assets.xcassets */ = {isa = PBXFileReference; lastKnownFileType = folder.assetcatalog; path = Assets.xcassets; sourceTree = "<group>"; };
		B4DDDD061D3D26EB0050DAE0 /* Base */ = {isa = PBXFileReference; lastKnownFileType = file.storyboard; name = Base; path = Base.lproj/LaunchScreen.storyboard; sourceTree = "<group>"; };
		B4DDDD081D3D26EB0050DAE0 /* Info.plist */ = {isa = PBXFileReference; lastKnownFileType = text.plist.xml; path = Info.plist; sourceTree = "<group>"; };
		B4DDDD0D1D3D26EB0050DAE0 /* WhoToFollowTests.xctest */ = {isa = PBXFileReference; explicitFileType = wrapper.cfbundle; includeInIndex = 0; path = WhoToFollowTests.xctest; sourceTree = BUILT_PRODUCTS_DIR; };
		B4DDDD111D3D26EB0050DAE0 /* WhoToFollowTests.swift */ = {isa = PBXFileReference; lastKnownFileType = sourcecode.swift; path = WhoToFollowTests.swift; sourceTree = "<group>"; };
		B4DDDD131D3D26EB0050DAE0 /* Info.plist */ = {isa = PBXFileReference; lastKnownFileType = text.plist.xml; path = Info.plist; sourceTree = "<group>"; };
		B4DDDD2A1D3D29140050DAE0 /* FollowTableViewController.swift */ = {isa = PBXFileReference; fileEncoding = 4; lastKnownFileType = sourcecode.swift; path = FollowTableViewController.swift; sourceTree = "<group>"; };
		B4DDDD2C1D3D29700050DAE0 /* FollowTableViewCell.swift */ = {isa = PBXFileReference; fileEncoding = 4; lastKnownFileType = sourcecode.swift; path = FollowTableViewCell.swift; sourceTree = "<group>"; };
		BF4C7FEC726F2A8DC87CE165 /* Pods-WhoToFollow.release.xcconfig */ = {isa = PBXFileReference; includeInIndex = 1; lastKnownFileType = text.xcconfig; name = "Pods-WhoToFollow.release.xcconfig"; path = "Pods/Target Support Files/Pods-WhoToFollow/Pods-WhoToFollow.release.xcconfig"; sourceTree = "<group>"; };
		C78E3E8DA484E6DD5A3C8AAF /* Pods-WhoToFollowTests.release.xcconfig */ = {isa = PBXFileReference; includeInIndex = 1; lastKnownFileType = text.xcconfig; name = "Pods-WhoToFollowTests.release.xcconfig"; path = "Pods/Target Support Files/Pods-WhoToFollowTests/Pods-WhoToFollowTests.release.xcconfig"; sourceTree = "<group>"; };
		D3D2400B3852566FB54F323F /* Pods-WhoToFollow.debug.xcconfig */ = {isa = PBXFileReference; includeInIndex = 1; lastKnownFileType = text.xcconfig; name = "Pods-WhoToFollow.debug.xcconfig"; path = "Pods/Target Support Files/Pods-WhoToFollow/Pods-WhoToFollow.debug.xcconfig"; sourceTree = "<group>"; };
/* End PBXFileReference section */

/* Begin PBXFrameworksBuildPhase section */
		B4DDDCF61D3D26EB0050DAE0 /* Frameworks */ = {
			isa = PBXFrameworksBuildPhase;
			buildActionMask = 2147483647;
			files = (
				8FFA3362E6CE79F75508E8C1 /* Pods_WhoToFollow.framework in Frameworks */,
			);
			runOnlyForDeploymentPostprocessing = 0;
		};
		B4DDDD0A1D3D26EB0050DAE0 /* Frameworks */ = {
			isa = PBXFrameworksBuildPhase;
			buildActionMask = 2147483647;
			files = (
				3B7E031D1122C07FC6305327 /* Pods_WhoToFollowTests.framework in Frameworks */,
			);
			runOnlyForDeploymentPostprocessing = 0;
		};
/* End PBXFrameworksBuildPhase section */

/* Begin PBXGroup section */
		932A40A616BD85DA4971E7D8 /* Pods */ = {
			isa = PBXGroup;
			children = (
				D3D2400B3852566FB54F323F /* Pods-WhoToFollow.debug.xcconfig */,
				BF4C7FEC726F2A8DC87CE165 /* Pods-WhoToFollow.release.xcconfig */,
				A580DEB4690AACCE59A49962 /* Pods-WhoToFollowTests.debug.xcconfig */,
				C78E3E8DA484E6DD5A3C8AAF /* Pods-WhoToFollowTests.release.xcconfig */,
			);
			name = Pods;
			sourceTree = "<group>";
		};
		935C4CCAACADBEB1CB2817BE /* Frameworks */ = {
			isa = PBXGroup;
			children = (
				911461D15DA8DDD2D1181B20 /* Pods_WhoToFollow.framework */,
				32E7CEC02C92DD0D5BA3833E /* Pods_WhoToFollowTests.framework */,
			);
			name = Frameworks;
			sourceTree = "<group>";
		};
		B4DDDCF01D3D26EB0050DAE0 = {
			isa = PBXGroup;
			children = (
				B4DDDCFB1D3D26EB0050DAE0 /* WhoToFollow */,
				B4DDDD101D3D26EB0050DAE0 /* WhoToFollowTests */,
				B4DDDCFA1D3D26EB0050DAE0 /* Products */,
				932A40A616BD85DA4971E7D8 /* Pods */,
				935C4CCAACADBEB1CB2817BE /* Frameworks */,
			);
			sourceTree = "<group>";
		};
		B4DDDCFA1D3D26EB0050DAE0 /* Products */ = {
			isa = PBXGroup;
			children = (
				B4DDDCF91D3D26EB0050DAE0 /* WhoToFollow.app */,
				B4DDDD0D1D3D26EB0050DAE0 /* WhoToFollowTests.xctest */,
			);
			name = Products;
			sourceTree = "<group>";
		};
		B4DDDCFB1D3D26EB0050DAE0 /* WhoToFollow */ = {
			isa = PBXGroup;
			children = (
				B4DDDCFC1D3D26EB0050DAE0 /* AppDelegate.swift */,
				B4DDDD001D3D26EB0050DAE0 /* Main.storyboard */,
				B4DDDD031D3D26EB0050DAE0 /* Assets.xcassets */,
				B4DDDD051D3D26EB0050DAE0 /* LaunchScreen.storyboard */,
				B4DDDD081D3D26EB0050DAE0 /* Info.plist */,
				B4DDDD2A1D3D29140050DAE0 /* FollowTableViewController.swift */,
				B4DDDD2C1D3D29700050DAE0 /* FollowTableViewCell.swift */,
				148612831D3DDF3100DF017B /* Github.swift */,
				148612851D3DE17800DF017B /* User.swift */,
				148612871D3DE4B300DF017B /* UserModel.swift */,
				148612891D3DF86000DF017B /* Extension.swift */,
			);
			path = WhoToFollow;
			sourceTree = "<group>";
		};
		B4DDDD101D3D26EB0050DAE0 /* WhoToFollowTests */ = {
			isa = PBXGroup;
			children = (
				B4DDDD111D3D26EB0050DAE0 /* WhoToFollowTests.swift */,
				B4DDDD131D3D26EB0050DAE0 /* Info.plist */,
			);
			path = WhoToFollowTests;
			sourceTree = "<group>";
		};
/* End PBXGroup section */

/* Begin PBXNativeTarget section */
		B4DDDCF81D3D26EB0050DAE0 /* WhoToFollow */ = {
			isa = PBXNativeTarget;
			buildConfigurationList = B4DDDD211D3D26EB0050DAE0 /* Build configuration list for PBXNativeTarget "WhoToFollow" */;
			buildPhases = (
				41F69BD4F0BCBF8009E84D8D /* [CP] Check Pods Manifest.lock */,
				B4DDDCF51D3D26EB0050DAE0 /* Sources */,
				B4DDDCF61D3D26EB0050DAE0 /* Frameworks */,
				B4DDDCF71D3D26EB0050DAE0 /* Resources */,
				F80817C19D7E9B4680BF8FD9 /* [CP] Embed Pods Frameworks */,
				4D81FFBC746BCA351B0E6CBB /* [CP] Copy Pods Resources */,
				9491843B804D34BF3C1C2EF2 /* Embed Pods Frameworks */,
			);
			buildRules = (
			);
			dependencies = (
			);
			name = WhoToFollow;
			productName = WhoToFollow;
			productReference = B4DDDCF91D3D26EB0050DAE0 /* WhoToFollow.app */;
			productType = "com.apple.product-type.application";
		};
		B4DDDD0C1D3D26EB0050DAE0 /* WhoToFollowTests */ = {
			isa = PBXNativeTarget;
			buildConfigurationList = B4DDDD241D3D26EB0050DAE0 /* Build configuration list for PBXNativeTarget "WhoToFollowTests" */;
			buildPhases = (
				910BDE30B7501E8A2DE7FB0F /* [CP] Check Pods Manifest.lock */,
				B4DDDD091D3D26EB0050DAE0 /* Sources */,
				B4DDDD0A1D3D26EB0050DAE0 /* Frameworks */,
				B4DDDD0B1D3D26EB0050DAE0 /* Resources */,
				B0EB3FAB78B402532551BDE5 /* [CP] Embed Pods Frameworks */,
				C63794B042EAF3F1B4969774 /* [CP] Copy Pods Resources */,
				D5D1452E6E441C02FB3D10FD /* Embed Pods Frameworks */,
			);
			buildRules = (
			);
			dependencies = (
				B4DDDD0F1D3D26EB0050DAE0 /* PBXTargetDependency */,
			);
			name = WhoToFollowTests;
			productName = WhoToFollowTests;
			productReference = B4DDDD0D1D3D26EB0050DAE0 /* WhoToFollowTests.xctest */;
			productType = "com.apple.product-type.bundle.unit-test";
		};
/* End PBXNativeTarget section */

/* Begin PBXProject section */
		B4DDDCF11D3D26EB0050DAE0 /* Project object */ = {
			isa = PBXProject;
			attributes = {
				LastSwiftUpdateCheck = 0730;
				LastUpgradeCheck = 0730;
				ORGANIZATIONNAME = DTVD;
				TargetAttributes = {
					B4DDDCF81D3D26EB0050DAE0 = {
						CreatedOnToolsVersion = 7.3.1;
					};
					B4DDDD0C1D3D26EB0050DAE0 = {
						CreatedOnToolsVersion = 7.3.1;
						TestTargetID = B4DDDCF81D3D26EB0050DAE0;
					};
				};
			};
			buildConfigurationList = B4DDDCF41D3D26EB0050DAE0 /* Build configuration list for PBXProject "WhoToFollow" */;
			compatibilityVersion = "Xcode 3.2";
			developmentRegion = English;
			hasScannedForEncodings = 0;
			knownRegions = (
				en,
				Base,
			);
			mainGroup = B4DDDCF01D3D26EB0050DAE0;
			productRefGroup = B4DDDCFA1D3D26EB0050DAE0 /* Products */;
			projectDirPath = "";
			projectRoot = "";
			targets = (
				B4DDDCF81D3D26EB0050DAE0 /* WhoToFollow */,
				B4DDDD0C1D3D26EB0050DAE0 /* WhoToFollowTests */,
			);
		};
/* End PBXProject section */

/* Begin PBXResourcesBuildPhase section */
		B4DDDCF71D3D26EB0050DAE0 /* Resources */ = {
			isa = PBXResourcesBuildPhase;
			buildActionMask = 2147483647;
			files = (
				B4DDDD071D3D26EB0050DAE0 /* LaunchScreen.storyboard in Resources */,
				B4DDDD041D3D26EB0050DAE0 /* Assets.xcassets in Resources */,
				B4DDDD021D3D26EB0050DAE0 /* Main.storyboard in Resources */,
			);
			runOnlyForDeploymentPostprocessing = 0;
		};
		B4DDDD0B1D3D26EB0050DAE0 /* Resources */ = {
			isa = PBXResourcesBuildPhase;
			buildActionMask = 2147483647;
			files = (
			);
			runOnlyForDeploymentPostprocessing = 0;
		};
/* End PBXResourcesBuildPhase section */

/* Begin PBXShellScriptBuildPhase section */
		41F69BD4F0BCBF8009E84D8D /* [CP] Check Pods Manifest.lock */ = {
			isa = PBXShellScriptBuildPhase;
			buildActionMask = 2147483647;
			files = (
			);
			inputPaths = (
			);
			name = "[CP] Check Pods Manifest.lock";
			outputPaths = (
			);
			runOnlyForDeploymentPostprocessing = 0;
			shellPath = /bin/sh;
			shellScript = "diff \"${PODS_ROOT}/../Podfile.lock\" \"${PODS_ROOT}/Manifest.lock\" > /dev/null\nif [[ $? != 0 ]] ; then\n    cat << EOM\nerror: The sandbox is not in sync with the Podfile.lock. Run 'pod install' or update your CocoaPods installation.\nEOM\n    exit 1\nfi\n";
			showEnvVarsInLog = 0;
		};
		4D81FFBC746BCA351B0E6CBB /* [CP] Copy Pods Resources */ = {
			isa = PBXShellScriptBuildPhase;
			buildActionMask = 2147483647;
			files = (
			);
			inputPaths = (
			);
			name = "[CP] Copy Pods Resources";
			outputPaths = (
			);
			runOnlyForDeploymentPostprocessing = 0;
			shellPath = /bin/sh;
			shellScript = "\"${SRCROOT}/Pods/Target Support Files/Pods-WhoToFollow/Pods-WhoToFollow-resources.sh\"\n";
			showEnvVarsInLog = 0;
		};
		910BDE30B7501E8A2DE7FB0F /* [CP] Check Pods Manifest.lock */ = {
			isa = PBXShellScriptBuildPhase;
			buildActionMask = 2147483647;
			files = (
			);
			inputPaths = (
			);
			name = "[CP] Check Pods Manifest.lock";
			outputPaths = (
			);
			runOnlyForDeploymentPostprocessing = 0;
			shellPath = /bin/sh;
			shellScript = "diff \"${PODS_ROOT}/../Podfile.lock\" \"${PODS_ROOT}/Manifest.lock\" > /dev/null\nif [[ $? != 0 ]] ; then\n    cat << EOM\nerror: The sandbox is not in sync with the Podfile.lock. Run 'pod install' or update your CocoaPods installation.\nEOM\n    exit 1\nfi\n";
			showEnvVarsInLog = 0;
		};
		9491843B804D34BF3C1C2EF2 /* Embed Pods Frameworks */ = {
			isa = PBXShellScriptBuildPhase;
			buildActionMask = 2147483647;
			files = (
			);
			inputPaths = (
			);
			name = "Embed Pods Frameworks";
			outputPaths = (
			);
			runOnlyForDeploymentPostprocessing = 0;
			shellPath = /bin/sh;
			shellScript = "\"${SRCROOT}/Pods/Target Support Files/Pods-WhoToFollow/Pods-WhoToFollow-frameworks.sh\"\n";
			showEnvVarsInLog = 0;
		};
		B0EB3FAB78B402532551BDE5 /* [CP] Embed Pods Frameworks */ = {
			isa = PBXShellScriptBuildPhase;
			buildActionMask = 2147483647;
			files = (
			);
			inputPaths = (
			);
			name = "[CP] Embed Pods Frameworks";
			outputPaths = (
			);
			runOnlyForDeploymentPostprocessing = 0;
			shellPath = /bin/sh;
			shellScript = "\"${SRCROOT}/Pods/Target Support Files/Pods-WhoToFollowTests/Pods-WhoToFollowTests-frameworks.sh\"\n";
			showEnvVarsInLog = 0;
		};
		C63794B042EAF3F1B4969774 /* [CP] Copy Pods Resources */ = {
			isa = PBXShellScriptBuildPhase;
			buildActionMask = 2147483647;
			files = (
			);
			inputPaths = (
			);
			name = "[CP] Copy Pods Resources";
			outputPaths = (
			);
			runOnlyForDeploymentPostprocessing = 0;
			shellPath = /bin/sh;
			shellScript = "\"${SRCROOT}/Pods/Target Support Files/Pods-WhoToFollowTests/Pods-WhoToFollowTests-resources.sh\"\n";
			showEnvVarsInLog = 0;
		};
		D5D1452E6E441C02FB3D10FD /* Embed Pods Frameworks */ = {
			isa = PBXShellScriptBuildPhase;
			buildActionMask = 2147483647;
			files = (
			);
			inputPaths = (
			);
			name = "Embed Pods Frameworks";
			outputPaths = (
			);
			runOnlyForDeploymentPostprocessing = 0;
			shellPath = /bin/sh;
			shellScript = "\"${SRCROOT}/Pods/Target Support Files/Pods-WhoToFollowTests/Pods-WhoToFollowTests-frameworks.sh\"\n";
			showEnvVarsInLog = 0;
		};
		F80817C19D7E9B4680BF8FD9 /* [CP] Embed Pods Frameworks */ = {
			isa = PBXShellScriptBuildPhase;
			buildActionMask = 2147483647;
			files = (
			);
			inputPaths = (
			);
			name = "[CP] Embed Pods Frameworks";
			outputPaths = (
			);
			runOnlyForDeploymentPostprocessing = 0;
			shellPath = /bin/sh;
			shellScript = "\"${SRCROOT}/Pods/Target Support Files/Pods-WhoToFollow/Pods-WhoToFollow-frameworks.sh\"\n";
			showEnvVarsInLog = 0;
		};
/* End PBXShellScriptBuildPhase section */

/* Begin PBXSourcesBuildPhase section */
		B4DDDCF51D3D26EB0050DAE0 /* Sources */ = {
			isa = PBXSourcesBuildPhase;
			buildActionMask = 2147483647;
			files = (
				B4DDDD2B1D3D29140050DAE0 /* FollowTableViewController.swift in Sources */,
				B4DDDD2D1D3D29700050DAE0 /* FollowTableViewCell.swift in Sources */,
				1486128A1D3DF86000DF017B /* Extension.swift in Sources */,
				148612841D3DDF3100DF017B /* Github.swift in Sources */,
				148612881D3DE4B300DF017B /* UserModel.swift in Sources */,
				148612861D3DE17800DF017B /* User.swift in Sources */,
				B4DDDCFD1D3D26EB0050DAE0 /* AppDelegate.swift in Sources */,
			);
			runOnlyForDeploymentPostprocessing = 0;
		};
		B4DDDD091D3D26EB0050DAE0 /* Sources */ = {
			isa = PBXSourcesBuildPhase;
			buildActionMask = 2147483647;
			files = (
				B4DDDD121D3D26EB0050DAE0 /* WhoToFollowTests.swift in Sources */,
			);
			runOnlyForDeploymentPostprocessing = 0;
		};
/* End PBXSourcesBuildPhase section */

/* Begin PBXTargetDependency section */
		B4DDDD0F1D3D26EB0050DAE0 /* PBXTargetDependency */ = {
			isa = PBXTargetDependency;
			target = B4DDDCF81D3D26EB0050DAE0 /* WhoToFollow */;
			targetProxy = B4DDDD0E1D3D26EB0050DAE0 /* PBXContainerItemProxy */;
		};
/* End PBXTargetDependency section */

/* Begin PBXVariantGroup section */
		B4DDDD001D3D26EB0050DAE0 /* Main.storyboard */ = {
			isa = PBXVariantGroup;
			children = (
				B4DDDD011D3D26EB0050DAE0 /* Base */,
			);
			name = Main.storyboard;
			sourceTree = "<group>";
		};
		B4DDDD051D3D26EB0050DAE0 /* LaunchScreen.storyboard */ = {
			isa = PBXVariantGroup;
			children = (
				B4DDDD061D3D26EB0050DAE0 /* Base */,
			);
			name = LaunchScreen.storyboard;
			sourceTree = "<group>";
		};
/* End PBXVariantGroup section */

/* Begin XCBuildConfiguration section */
		B4DDDD1F1D3D26EB0050DAE0 /* Debug */ = {
			isa = XCBuildConfiguration;
			buildSettings = {
				ALWAYS_SEARCH_USER_PATHS = NO;
				CLANG_ANALYZER_NONNULL = YES;
				CLANG_CXX_LANGUAGE_STANDARD = "gnu++0x";
				CLANG_CXX_LIBRARY = "libc++";
				CLANG_ENABLE_MODULES = YES;
				CLANG_ENABLE_OBJC_ARC = YES;
				CLANG_WARN_BOOL_CONVERSION = YES;
				CLANG_WARN_CONSTANT_CONVERSION = YES;
				CLANG_WARN_DIRECT_OBJC_ISA_USAGE = YES_ERROR;
				CLANG_WARN_EMPTY_BODY = YES;
				CLANG_WARN_ENUM_CONVERSION = YES;
				CLANG_WARN_INT_CONVERSION = YES;
				CLANG_WARN_OBJC_ROOT_CLASS = YES_ERROR;
				CLANG_WARN_UNREACHABLE_CODE = YES;
				CLANG_WARN__DUPLICATE_METHOD_MATCH = YES;
				"CODE_SIGN_IDENTITY[sdk=iphoneos*]" = "iPhone Developer";
				COPY_PHASE_STRIP = NO;
				DEBUG_INFORMATION_FORMAT = dwarf;
				ENABLE_STRICT_OBJC_MSGSEND = YES;
				ENABLE_TESTABILITY = YES;
				GCC_C_LANGUAGE_STANDARD = gnu99;
				GCC_DYNAMIC_NO_PIC = NO;
				GCC_NO_COMMON_BLOCKS = YES;
				GCC_OPTIMIZATION_LEVEL = 0;
				GCC_PREPROCESSOR_DEFINITIONS = (
					"DEBUG=1",
					"$(inherited)",
				);
				GCC_WARN_64_TO_32_BIT_CONVERSION = YES;
				GCC_WARN_ABOUT_RETURN_TYPE = YES_ERROR;
				GCC_WARN_UNDECLARED_SELECTOR = YES;
				GCC_WARN_UNINITIALIZED_AUTOS = YES_AGGRESSIVE;
				GCC_WARN_UNUSED_FUNCTION = YES;
				GCC_WARN_UNUSED_VARIABLE = YES;
				IPHONEOS_DEPLOYMENT_TARGET = 8.0;
				MTL_ENABLE_DEBUG_INFO = YES;
				ONLY_ACTIVE_ARCH = YES;
				SDKROOT = iphoneos;
				SWIFT_OPTIMIZATION_LEVEL = "-Onone";
				TARGETED_DEVICE_FAMILY = "1,2";
			};
			name = Debug;
		};
		B4DDDD201D3D26EB0050DAE0 /* Release */ = {
			isa = XCBuildConfiguration;
			buildSettings = {
				ALWAYS_SEARCH_USER_PATHS = NO;
				CLANG_ANALYZER_NONNULL = YES;
				CLANG_CXX_LANGUAGE_STANDARD = "gnu++0x";
				CLANG_CXX_LIBRARY = "libc++";
				CLANG_ENABLE_MODULES = YES;
				CLANG_ENABLE_OBJC_ARC = YES;
				CLANG_WARN_BOOL_CONVERSION = YES;
				CLANG_WARN_CONSTANT_CONVERSION = YES;
				CLANG_WARN_DIRECT_OBJC_ISA_USAGE = YES_ERROR;
				CLANG_WARN_EMPTY_BODY = YES;
				CLANG_WARN_ENUM_CONVERSION = YES;
				CLANG_WARN_INT_CONVERSION = YES;
				CLANG_WARN_OBJC_ROOT_CLASS = YES_ERROR;
				CLANG_WARN_UNREACHABLE_CODE = YES;
				CLANG_WARN__DUPLICATE_METHOD_MATCH = YES;
				"CODE_SIGN_IDENTITY[sdk=iphoneos*]" = "iPhone Developer";
				COPY_PHASE_STRIP = NO;
				DEBUG_INFORMATION_FORMAT = "dwarf-with-dsym";
				ENABLE_NS_ASSERTIONS = NO;
				ENABLE_STRICT_OBJC_MSGSEND = YES;
				GCC_C_LANGUAGE_STANDARD = gnu99;
				GCC_NO_COMMON_BLOCKS = YES;
				GCC_WARN_64_TO_32_BIT_CONVERSION = YES;
				GCC_WARN_ABOUT_RETURN_TYPE = YES_ERROR;
				GCC_WARN_UNDECLARED_SELECTOR = YES;
				GCC_WARN_UNINITIALIZED_AUTOS = YES_AGGRESSIVE;
				GCC_WARN_UNUSED_FUNCTION = YES;
				GCC_WARN_UNUSED_VARIABLE = YES;
				IPHONEOS_DEPLOYMENT_TARGET = 8.0;
				MTL_ENABLE_DEBUG_INFO = NO;
				SDKROOT = iphoneos;
				TARGETED_DEVICE_FAMILY = "1,2";
				VALIDATE_PRODUCT = YES;
			};
			name = Release;
		};
		B4DDDD221D3D26EB0050DAE0 /* Debug */ = {
			isa = XCBuildConfiguration;
			baseConfigurationReference = D3D2400B3852566FB54F323F /* Pods-WhoToFollow.debug.xcconfig */;
			buildSettings = {
				ASSETCATALOG_COMPILER_APPICON_NAME = AppIcon;
				INFOPLIST_FILE = WhoToFollow/Info.plist;
				LD_RUNPATH_SEARCH_PATHS = "$(inherited) @executable_path/Frameworks";
				PRODUCT_BUNDLE_IDENTIFIER = com.vunhatminh.WhoToFollow;
				PRODUCT_NAME = "$(TARGET_NAME)";
			};
			name = Debug;
		};
		B4DDDD231D3D26EB0050DAE0 /* Release */ = {
			isa = XCBuildConfiguration;
			baseConfigurationReference = BF4C7FEC726F2A8DC87CE165 /* Pods-WhoToFollow.release.xcconfig */;
			buildSettings = {
				ASSETCATALOG_COMPILER_APPICON_NAME = AppIcon;
				INFOPLIST_FILE = WhoToFollow/Info.plist;
				LD_RUNPATH_SEARCH_PATHS = "$(inherited) @executable_path/Frameworks";
				PRODUCT_BUNDLE_IDENTIFIER = com.vunhatminh.WhoToFollow;
				PRODUCT_NAME = "$(TARGET_NAME)";
			};
			name = Release;
		};
		B4DDDD251D3D26EB0050DAE0 /* Debug */ = {
			isa = XCBuildConfiguration;
			baseConfigurationReference = A580DEB4690AACCE59A49962 /* Pods-WhoToFollowTests.debug.xcconfig */;
			buildSettings = {
				BUNDLE_LOADER = "$(TEST_HOST)";
				INFOPLIST_FILE = WhoToFollowTests/Info.plist;
				LD_RUNPATH_SEARCH_PATHS = "$(inherited) @executable_path/Frameworks @loader_path/Frameworks";
				PRODUCT_BUNDLE_IDENTIFIER = com.vunhatminh.WhoToFollowTests;
				PRODUCT_NAME = "$(TARGET_NAME)";
				TEST_HOST = "$(BUILT_PRODUCTS_DIR)/WhoToFollow.app/WhoToFollow";
			};
			name = Debug;
		};
		B4DDDD261D3D26EB0050DAE0 /* Release */ = {
			isa = XCBuildConfiguration;
			baseConfigurationReference = C78E3E8DA484E6DD5A3C8AAF /* Pods-WhoToFollowTests.release.xcconfig */;
			buildSettings = {
				BUNDLE_LOADER = "$(TEST_HOST)";
				INFOPLIST_FILE = WhoToFollowTests/Info.plist;
				LD_RUNPATH_SEARCH_PATHS = "$(inherited) @executable_path/Frameworks @loader_path/Frameworks";
				PRODUCT_BUNDLE_IDENTIFIER = com.vunhatminh.WhoToFollowTests;
				PRODUCT_NAME = "$(TARGET_NAME)";
				TEST_HOST = "$(BUILT_PRODUCTS_DIR)/WhoToFollow.app/WhoToFollow";
			};
			name = Release;
		};
/* End XCBuildConfiguration section */

/* Begin XCConfigurationList section */
		B4DDDCF41D3D26EB0050DAE0 /* Build configuration list for PBXProject "WhoToFollow" */ = {
			isa = XCConfigurationList;
			buildConfigurations = (
				B4DDDD1F1D3D26EB0050DAE0 /* Debug */,
				B4DDDD201D3D26EB0050DAE0 /* Release */,
			);
			defaultConfigurationIsVisible = 0;
			defaultConfigurationName = Release;
		};
		B4DDDD211D3D26EB0050DAE0 /* Build configuration list for PBXNativeTarget "WhoToFollow" */ = {
			isa = XCConfigurationList;
			buildConfigurations = (
				B4DDDD221D3D26EB0050DAE0 /* Debug */,
				B4DDDD231D3D26EB0050DAE0 /* Release */,
			);
			defaultConfigurationIsVisible = 0;
			defaultConfigurationName = Release;
		};
		B4DDDD241D3D26EB0050DAE0 /* Build configuration list for PBXNativeTarget "WhoToFollowTests" */ = {
			isa = XCConfigurationList;
			buildConfigurations = (
				B4DDDD251D3D26EB0050DAE0 /* Debug */,
				B4DDDD261D3D26EB0050DAE0 /* Release */,
			);
			defaultConfigurationIsVisible = 0;
			defaultConfigurationName = Release;
		};
/* End XCConfigurationList section */
	};
	rootObject = B4DDDCF11D3D26EB0050DAE0 /* Project object */;
}
